{
  "pins" : [
    {
      "identity" : "sppermissions",
      "kind" : "remoteSourceControl",
      "location" : "https://github.com/ivanvorobei/SPPermissions",
      "state" : {
        "revision" : "14299050782ac18a40edac8e7369425c13998b68",
        "version" : "7.1.5"
      }
    }
  ],
  "version" : 2
}
